{
  "name": "20250301_VueWithFlask(Final)",
  "lockfileVersion": 3,
  "requires": true,
  "packages": {
    "": {
      "dependencies": {
        "chinese-s2t": "^1.0.0"
      }
    },
    "node_modules/chinese-s2t": {
      "version": "1.0.0",
      "resolved": "https://registry.npmjs.org/chinese-s2t/-/chinese-s2t-1.0.0.tgz",
      "integrity": "sha512-7OozF1W+rFJpGldX5Xl2c0XuZg7NKYK5tUe0g9UQEJ6WZg6kJpBwEGgOyCVRMf6HOQ5UDdudIYFRcqeQadAxSA==",
      "license": "ISC"
    }
  }
}
